schema: '2.0'
stages:
  data_ingestion:
    cmd: python src/data/data_ingestion.py
    deps:
    - path: src/data/data_ingestion.py
      hash: md5
      md5: af734319f09bf8ead7c166a719bf52ab
      size: 2772
    params:
      params.yaml:
        data_ingestion.test_size: 0.2
    outs:
    - path: data/raw_data
      hash: md5
      md5: fb326d2eec197669f9638afde28356bf.dir
      size: 827973
      nfiles: 2
  data_preprocessing:
    cmd: python src/data/data_preprocessing.py
    deps:
    - path: data/raw_data
      hash: md5
      md5: fb326d2eec197669f9638afde28356bf.dir
      size: 827973
      nfiles: 2
    - path: src/data/data_preprocessing.py
      hash: md5
      md5: 8c90683edc77824f884e3e8f13cbf6ad
      size: 4031
    outs:
    - path: data/processed_data
      hash: md5
      md5: ef37afd17951ea8af23114b28d26f784.dir
      size: 566210
      nfiles: 2
  feature_engineering:
    cmd: python src/feature/feature_engineering.py
    deps:
    - path: data/processed_data
      hash: md5
      md5: ef37afd17951ea8af23114b28d26f784.dir
      size: 566210
      nfiles: 2
    - path: src/feature/feature_engineering.py
      hash: md5
      md5: 14d846e52a1d2637338f40ad9a58f4e7
      size: 3121
    params:
      params.yaml:
        feature_engineering.max_features: 3000
    outs:
    - path: data/feature_data
      hash: md5
      md5: 47bb8d27c1bdf65aaaf100c47dab5de7.dir
      size: 62302916
      nfiles: 2
    - path: models/vectorizer.pkl
      hash: md5
      md5: 281d4c5e6fc6736ee3cae1d5ab2a0595
      size: 82999
  model_building:
    cmd: python src/model/model_building.py
    deps:
    - path: data/feature_data
      hash: md5
      md5: 47bb8d27c1bdf65aaaf100c47dab5de7.dir
      size: 62302916
      nfiles: 2
    - path: src/model/model_building.py
      hash: md5
      md5: 567a9bb902dc25c992b91454d5c1989f
      size: 2143
    outs:
    - path: models/model.pkl
      hash: md5
      md5: ac6c1b9af8bce354eedf5eb839042261
      size: 24657
  model_evaluation:
    cmd: python src/model/model_evaluation.py
    deps:
    - path: models/model.pkl
      hash: md5
      md5: ac6c1b9af8bce354eedf5eb839042261
      size: 24657
    - path: src/model/model_evaluation.py
      hash: md5
      md5: e0e919a5ae56115a71d07d40ec78427b
      size: 6363
    outs:
    - path: reports/metrics.json
      hash: md5
      md5: 71009979ad8b143fb810bfbb3eb195ce
      size: 144
    - path: reports/model_info.json
      hash: md5
      md5: 1ce84aac6d4b5a2294b1b363bde702d5
      size: 137
  model_registration:
    cmd: python src/model/register_model.py
    deps:
    - path: reports/model_info.json
      hash: md5
      md5: 1ce84aac6d4b5a2294b1b363bde702d5
      size: 137
    - path: src/model/register_model.py
      hash: md5
      md5: c23ef5dc26cad29895d1b67658b38d5d
      size: 6386
